
Microsoft Visual Studio Solution File, Format Version 12.00
# Visual Studio Version 17
VisualStudioVersion = 17.4.33213.308
MinimumVisualStudioVersion = 10.0.40219.1
Project("{9A19103F-16F7-4668-BE54-9A1E7A4F7556}") = "Avalonia.SharpUI", "Avalonia.SharpUI\Avalonia.SharpUI.csproj", "{83FBA016-0A83-4FE2-A95A-EB54D18A414E}"
EndProject
Project("{2150E333-8FDC-42A3-9474-1A3956D46DE8}") = "ソリューション項目", "ソリューション項目", "{26E3BC57-04C3-45FE-B024-4DFF86F12D33}"
	ProjectSection(SolutionItems) = preProject
		.editorconfig = .editorconfig
		Directory.Build.props = Directory.Build.props
		Readme.ja.md = Readme.ja.md
		Readme.md = Readme.md
	EndProjectSection
EndProject
Project("{2150E333-8FDC-42A3-9474-1A3956D46DE8}") = "Examples", "Examples", "{7C3F1AEF-5783-4798-AD6A-5123E3B0B7EB}"
EndProject
Project("{2150E333-8FDC-42A3-9474-1A3956D46DE8}") = "Component", "Component", "{A0118583-82D3-46B4-A83F-258451266E79}"
EndProject
Project("{9A19103F-16F7-4668-BE54-9A1E7A4F7556}") = "ExamplesContactBook", "Examples\Component\ExamplesContactBook\ExamplesContactBook.csproj", "{A012EEE2-532A-48B0-B6C4-AF87BFC2E24D}"
EndProject
Project("{9A19103F-16F7-4668-BE54-9A1E7A4F7556}") = "ExamplesCounterApp", "Examples\Component\ExamplesCounterApp\ExamplesCounterApp.csproj", "{74B266B7-5BDC-4AE8-B397-29087AB9AD47}"
EndProject
Project("{9A19103F-16F7-4668-BE54-9A1E7A4F7556}") = "ExamplesDrawingApp", "Examples\Component\ExamplesDrawingApp\ExamplesDrawingApp.csproj", "{128D33C2-AEAF-4757-8155-5F6FD3A4AA7B}"
EndProject
Project("{9A19103F-16F7-4668-BE54-9A1E7A4F7556}") = "ExamplesExperiment", "Examples\Component\ExamplesExperiment\ExamplesExperiment.csproj", "{E4A0FC6D-02C5-4522-B66F-512A31AE6029}"
EndProject
Project("{9A19103F-16F7-4668-BE54-9A1E7A4F7556}") = "ExamplesInlineText", "Examples\Component\ExamplesInlineText\ExamplesInlineText.csproj", "{257A7309-E245-4303-B27D-44BC7E7B8003}"
EndProject
Project("{2150E333-8FDC-42A3-9474-1A3956D46DE8}") = "Elmish", "Elmish", "{3D919AC8-FFA0-48A4-8EB0-1E8F5B25A493}"
EndProject
Project("{9A19103F-16F7-4668-BE54-9A1E7A4F7556}") = "ExamplesElmishCounterApp", "Examples\Elmish\ExamplesElmishCounterApp\ExamplesElmishCounterApp.csproj", "{2FE591C0-FA34-4EC0-8F7A-04D695C6B6AC}"
EndProject
Project("{9A19103F-16F7-4668-BE54-9A1E7A4F7556}") = "ExamplesElmishClockApp", "Examples\Elmish\ExamplesElmishClockApp\ExamplesElmishClockApp.csproj", "{C05CC38C-5AB9-4977-BCAC-B1E966FF1726}"
EndProject
Project("{9A19103F-16F7-4668-BE54-9A1E7A4F7556}") = "Avalonia.SharpUI.Elmish", "Avalonia.SharpUI.Elmish\Avalonia.SharpUI.Elmish.csproj", "{CB9A0E27-7D05-4F92-84E8-86DB0595270D}"
EndProject
Global
	GlobalSection(SolutionConfigurationPlatforms) = preSolution
		Debug|Any CPU = Debug|Any CPU
		Release|Any CPU = Release|Any CPU
	EndGlobalSection
	GlobalSection(ProjectConfigurationPlatforms) = postSolution
		{83FBA016-0A83-4FE2-A95A-EB54D18A414E}.Debug|Any CPU.ActiveCfg = Debug|Any CPU
		{83FBA016-0A83-4FE2-A95A-EB54D18A414E}.Debug|Any CPU.Build.0 = Debug|Any CPU
		{83FBA016-0A83-4FE2-A95A-EB54D18A414E}.Release|Any CPU.ActiveCfg = Release|Any CPU
		{83FBA016-0A83-4FE2-A95A-EB54D18A414E}.Release|Any CPU.Build.0 = Release|Any CPU
		{A012EEE2-532A-48B0-B6C4-AF87BFC2E24D}.Debug|Any CPU.ActiveCfg = Debug|Any CPU
		{A012EEE2-532A-48B0-B6C4-AF87BFC2E24D}.Debug|Any CPU.Build.0 = Debug|Any CPU
		{A012EEE2-532A-48B0-B6C4-AF87BFC2E24D}.Release|Any CPU.ActiveCfg = Release|Any CPU
		{A012EEE2-532A-48B0-B6C4-AF87BFC2E24D}.Release|Any CPU.Build.0 = Release|Any CPU
		{74B266B7-5BDC-4AE8-B397-29087AB9AD47}.Debug|Any CPU.ActiveCfg = Debug|Any CPU
		{74B266B7-5BDC-4AE8-B397-29087AB9AD47}.Debug|Any CPU.Build.0 = Debug|Any CPU
		{74B266B7-5BDC-4AE8-B397-29087AB9AD47}.Release|Any CPU.ActiveCfg = Release|Any CPU
		{74B266B7-5BDC-4AE8-B397-29087AB9AD47}.Release|Any CPU.Build.0 = Release|Any CPU
		{128D33C2-AEAF-4757-8155-5F6FD3A4AA7B}.Debug|Any CPU.ActiveCfg = Debug|Any CPU
		{128D33C2-AEAF-4757-8155-5F6FD3A4AA7B}.Debug|Any CPU.Build.0 = Debug|Any CPU
		{128D33C2-AEAF-4757-8155-5F6FD3A4AA7B}.Release|Any CPU.ActiveCfg = Release|Any CPU
		{128D33C2-AEAF-4757-8155-5F6FD3A4AA7B}.Release|Any CPU.Build.0 = Release|Any CPU
		{E4A0FC6D-02C5-4522-B66F-512A31AE6029}.Debug|Any CPU.ActiveCfg = Debug|Any CPU
		{E4A0FC6D-02C5-4522-B66F-512A31AE6029}.Debug|Any CPU.Build.0 = Debug|Any CPU
		{E4A0FC6D-02C5-4522-B66F-512A31AE6029}.Release|Any CPU.ActiveCfg = Release|Any CPU
		{E4A0FC6D-02C5-4522-B66F-512A31AE6029}.Release|Any CPU.Build.0 = Release|Any CPU
		{257A7309-E245-4303-B27D-44BC7E7B8003}.Debug|Any CPU.ActiveCfg = Debug|Any CPU
		{257A7309-E245-4303-B27D-44BC7E7B8003}.Debug|Any CPU.Build.0 = Debug|Any CPU
		{257A7309-E245-4303-B27D-44BC7E7B8003}.Release|Any CPU.ActiveCfg = Release|Any CPU
		{257A7309-E245-4303-B27D-44BC7E7B8003}.Release|Any CPU.Build.0 = Release|Any CPU
		{2FE591C0-FA34-4EC0-8F7A-04D695C6B6AC}.Debug|Any CPU.ActiveCfg = Debug|Any CPU
		{2FE591C0-FA34-4EC0-8F7A-04D695C6B6AC}.Debug|Any CPU.Build.0 = Debug|Any CPU
		{2FE591C0-FA34-4EC0-8F7A-04D695C6B6AC}.Release|Any CPU.ActiveCfg = Release|Any CPU
		{2FE591C0-FA34-4EC0-8F7A-04D695C6B6AC}.Release|Any CPU.Build.0 = Release|Any CPU
		{C05CC38C-5AB9-4977-BCAC-B1E966FF1726}.Debug|Any CPU.ActiveCfg = Debug|Any CPU
		{C05CC38C-5AB9-4977-BCAC-B1E966FF1726}.Debug|Any CPU.Build.0 = Debug|Any CPU
		{C05CC38C-5AB9-4977-BCAC-B1E966FF1726}.Release|Any CPU.ActiveCfg = Release|Any CPU
		{C05CC38C-5AB9-4977-BCAC-B1E966FF1726}.Release|Any CPU.Build.0 = Release|Any CPU
		{CB9A0E27-7D05-4F92-84E8-86DB0595270D}.Debug|Any CPU.ActiveCfg = Debug|Any CPU
		{CB9A0E27-7D05-4F92-84E8-86DB0595270D}.Debug|Any CPU.Build.0 = Debug|Any CPU
		{CB9A0E27-7D05-4F92-84E8-86DB0595270D}.Release|Any CPU.ActiveCfg = Release|Any CPU
		{CB9A0E27-7D05-4F92-84E8-86DB0595270D}.Release|Any CPU.Build.0 = Release|Any CPU
	EndGlobalSection
	GlobalSection(SolutionProperties) = preSolution
		HideSolutionNode = FALSE
	EndGlobalSection
	GlobalSection(NestedProjects) = preSolution
		{A0118583-82D3-46B4-A83F-258451266E79} = {7C3F1AEF-5783-4798-AD6A-5123E3B0B7EB}
		{A012EEE2-532A-48B0-B6C4-AF87BFC2E24D} = {A0118583-82D3-46B4-A83F-258451266E79}
		{74B266B7-5BDC-4AE8-B397-29087AB9AD47} = {A0118583-82D3-46B4-A83F-258451266E79}
		{128D33C2-AEAF-4757-8155-5F6FD3A4AA7B} = {A0118583-82D3-46B4-A83F-258451266E79}
		{E4A0FC6D-02C5-4522-B66F-512A31AE6029} = {A0118583-82D3-46B4-A83F-258451266E79}
		{257A7309-E245-4303-B27D-44BC7E7B8003} = {A0118583-82D3-46B4-A83F-258451266E79}
		{3D919AC8-FFA0-48A4-8EB0-1E8F5B25A493} = {7C3F1AEF-5783-4798-AD6A-5123E3B0B7EB}
		{2FE591C0-FA34-4EC0-8F7A-04D695C6B6AC} = {3D919AC8-FFA0-48A4-8EB0-1E8F5B25A493}
		{C05CC38C-5AB9-4977-BCAC-B1E966FF1726} = {3D919AC8-FFA0-48A4-8EB0-1E8F5B25A493}
	EndGlobalSection
	GlobalSection(ExtensibilityGlobals) = postSolution
		SolutionGuid = {A0E512BA-5704-447D-A1C3-E9485DFD5BF8}
	EndGlobalSection
EndGlobal
